
Microsoft Visual Studio Solution File, Format Version 12.00
# Visual Studio 14
VisualStudioVersion = 14.0.25420.1
MinimumVisualStudioVersion = 10.0.40219.1
Project("{FAE04EC0-301F-11D3-BF4B-00C04F79EFBC}") = "Server.Demo", "Server.Demo\Server.Demo.csproj", "{37684487-F945-4749-9F7E-220A1914607A}"
EndProject
Project("{FAE04EC0-301F-11D3-BF4B-00C04F79EFBC}") = "Client.Demo", "Client.Demo\Client.Demo.csproj", "{2BBAB56F-EB12-4BB1-BFAF-AB0DCC7B9866}"
EndProject
Project("{FAE04EC0-301F-11D3-BF4B-00C04F79EFBC}") = "ClientServer4Net", "ClientServer4Net\ClientServer4Net.csproj", "{72606BAC-6918-49A8-8867-A4A5F55AE28F}"
EndProject
Project("{FAE04EC0-301F-11D3-BF4B-00C04F79EFBC}") = "ClientServer4Net.Serialization.CompressedJson", "ClientServer4Net.Serialization.CompressedJson\ClientServer4Net.Serialization.CompressedJson.csproj", "{73AA07EC-9577-4659-B27B-533A4EB69F10}"
EndProject
Project("{FAE04EC0-301F-11D3-BF4B-00C04F79EFBC}") = "Demo.Shared", "Demo.Shared\Demo.Shared.csproj", "{85CFDD60-69FE-4972-9B7C-61DBD2ADAB6A}"
EndProject
Project("{FAE04EC0-301F-11D3-BF4B-00C04F79EFBC}") = "ClientServer4Net.Serialization.CompressedJson.Tests", "ClientServer4Net.Serialization.CompressedJson.Tests\ClientServer4Net.Serialization.CompressedJson.Tests.csproj", "{498B820C-03F3-4B18-B4DF-E14590F2B2B9}"
EndProject
Project("{2150E333-8FDC-42A3-9474-1A3956D46DE8}") = "Demos", "Demos", "{FB2C76BB-F420-4A49-A591-94FC44593428}"
EndProject
Project("{2150E333-8FDC-42A3-9474-1A3956D46DE8}") = "UnitTests", "UnitTests", "{290435DC-A759-4E36-9703-AFE1C3FF5894}"
EndProject
Global
	GlobalSection(SolutionConfigurationPlatforms) = preSolution
		Debug|Any CPU = Debug|Any CPU
		Release|Any CPU = Release|Any CPU
	EndGlobalSection
	GlobalSection(ProjectConfigurationPlatforms) = postSolution
		{37684487-F945-4749-9F7E-220A1914607A}.Debug|Any CPU.ActiveCfg = Debug|Any CPU
		{37684487-F945-4749-9F7E-220A1914607A}.Debug|Any CPU.Build.0 = Debug|Any CPU
		{37684487-F945-4749-9F7E-220A1914607A}.Release|Any CPU.ActiveCfg = Release|Any CPU
		{37684487-F945-4749-9F7E-220A1914607A}.Release|Any CPU.Build.0 = Release|Any CPU
		{2BBAB56F-EB12-4BB1-BFAF-AB0DCC7B9866}.Debug|Any CPU.ActiveCfg = Debug|Any CPU
		{2BBAB56F-EB12-4BB1-BFAF-AB0DCC7B9866}.Debug|Any CPU.Build.0 = Debug|Any CPU
		{2BBAB56F-EB12-4BB1-BFAF-AB0DCC7B9866}.Release|Any CPU.ActiveCfg = Release|Any CPU
		{2BBAB56F-EB12-4BB1-BFAF-AB0DCC7B9866}.Release|Any CPU.Build.0 = Release|Any CPU
		{72606BAC-6918-49A8-8867-A4A5F55AE28F}.Debug|Any CPU.ActiveCfg = Debug|Any CPU
		{72606BAC-6918-49A8-8867-A4A5F55AE28F}.Debug|Any CPU.Build.0 = Debug|Any CPU
		{72606BAC-6918-49A8-8867-A4A5F55AE28F}.Release|Any CPU.ActiveCfg = Release|Any CPU
		{72606BAC-6918-49A8-8867-A4A5F55AE28F}.Release|Any CPU.Build.0 = Release|Any CPU
		{73AA07EC-9577-4659-B27B-533A4EB69F10}.Debug|Any CPU.ActiveCfg = Debug|Any CPU
		{73AA07EC-9577-4659-B27B-533A4EB69F10}.Debug|Any CPU.Build.0 = Debug|Any CPU
		{73AA07EC-9577-4659-B27B-533A4EB69F10}.Release|Any CPU.ActiveCfg = Release|Any CPU
		{73AA07EC-9577-4659-B27B-533A4EB69F10}.Release|Any CPU.Build.0 = Release|Any CPU
		{85CFDD60-69FE-4972-9B7C-61DBD2ADAB6A}.Debug|Any CPU.ActiveCfg = Debug|Any CPU
		{85CFDD60-69FE-4972-9B7C-61DBD2ADAB6A}.Debug|Any CPU.Build.0 = Debug|Any CPU
		{85CFDD60-69FE-4972-9B7C-61DBD2ADAB6A}.Release|Any CPU.ActiveCfg = Release|Any CPU
		{85CFDD60-69FE-4972-9B7C-61DBD2ADAB6A}.Release|Any CPU.Build.0 = Release|Any CPU
		{498B820C-03F3-4B18-B4DF-E14590F2B2B9}.Debug|Any CPU.ActiveCfg = Debug|Any CPU
		{498B820C-03F3-4B18-B4DF-E14590F2B2B9}.Debug|Any CPU.Build.0 = Debug|Any CPU
		{498B820C-03F3-4B18-B4DF-E14590F2B2B9}.Release|Any CPU.ActiveCfg = Release|Any CPU
		{498B820C-03F3-4B18-B4DF-E14590F2B2B9}.Release|Any CPU.Build.0 = Release|Any CPU
	EndGlobalSection
	GlobalSection(SolutionProperties) = preSolution
		HideSolutionNode = FALSE
	EndGlobalSection
	GlobalSection(NestedProjects) = preSolution
		{37684487-F945-4749-9F7E-220A1914607A} = {FB2C76BB-F420-4A49-A591-94FC44593428}
		{2BBAB56F-EB12-4BB1-BFAF-AB0DCC7B9866} = {FB2C76BB-F420-4A49-A591-94FC44593428}
		{85CFDD60-69FE-4972-9B7C-61DBD2ADAB6A} = {FB2C76BB-F420-4A49-A591-94FC44593428}
		{498B820C-03F3-4B18-B4DF-E14590F2B2B9} = {290435DC-A759-4E36-9703-AFE1C3FF5894}
	EndGlobalSection
EndGlobal
